# This file is generated by running "berry install" inside your project.
# Manual changes might be lost - proceed with caution!

__metadata:
  version: 2

"@types/estree@0.0.39":
  version: 0.0.39
  resolution: "@types/estree@npm:0.0.39"
  checksum: b284113b8d1c25dee552fb415687689a44cd46619a1396cb9329293d69149a0a61d231a70c5453be699e9738383d045f2971d56695d350066ef3743b87432c15
  languageName: node
  linkType: hard

"@types/node@*":
  version: 10.11.3
  resolution: "@types/node@npm:10.11.3"
  checksum: 697ba2a3f877380dd8c0f17c424bf59c39a7502ec47c8c41bd796bff3da439eb51e6cf8c375aba1fd99ad7425df8d7ef9142594317657418372df533b1fd6946
  languageName: node
  linkType: hard

"ace-builds@npm:^1.4.4":
  version: 1.4.4
  resolution: "ace-builds@npm:1.4.4"
  checksum: e744c3be315035ddd3161fe0d4c6ee7ffe25c11fc0f1fbb04fc41b0b703db10c37ddf169236f24d8205ed157598ca4f19a3e08f7fb1262e6aa6a4cdc9c039059
  languageName: node
  linkType: hard

"ace-editor@workspace:.":
  version: 0.0.0-use.local
  resolution: "ace-editor@workspace:."
  dependencies:
    ace-builds: "npm:^1.4.4"
    dedent: ^0.7.0
    lit-element: "npm:^2.1.0"
    rollup: ^0.66.3
    rollup-plugin-commonjs: ^9.1.8
    rollup-plugin-pnp-resolve: ^1.0.1
  languageName: unknown
  linkType: soft

arr-diff@^2.0.0:
  version: 2.0.0
  resolution: "arr-diff@npm:2.0.0"
  dependencies:
    arr-flatten: ^1.0.1
  checksum: 71b814b68b1350560806ad56301c45c53e5d3960f8783e3c933d653ed253ef8c3089798ccf97d696cf688bbbfc58c15ae9bd18d11899f037584c2e0280b7a47a
  languageName: node
  linkType: hard

arr-flatten@^1.0.1:
  version: 1.1.0
  resolution: "arr-flatten@npm:1.1.0"
  checksum: 295f6d2a39a5ec0c3e8dd831b1f34a0f6859ddc4964eac1d4eae7b586cc2ff4f28c17a46910fbc8e8f06e8521e58f83620d96e3fdbeed97f7bcf900ac850ba36
  languageName: node
  linkType: hard

array-unique@^0.2.1:
  version: 0.2.1
  resolution: "array-unique@npm:0.2.1"
  checksum: 59b98a98e098e5278c87a5a57b0bb61a8c32c3d5a6789f6154b7dc4d04088bdabfda89d877b4df812a2b75b6e6419c3475b5fd906a4b88ecf4e268ce386a414c
  languageName: node
  linkType: hard

braces@^1.8.2:
  version: 1.8.5
  resolution: "braces@npm:1.8.5"
  dependencies:
    expand-range: ^1.8.1
    preserve: ^0.2.0
    repeat-element: ^1.1.2
  checksum: b85b87cc54ba615a0df5effebafc2dc0699db5f3906352de835ba68e6ef18b3d046b46242e0293baef59a9d5599756d2ca60c214174ca0e50f91354dc71fdc39
  languageName: node
  linkType: hard

dedent@^0.7.0:
  version: 0.7.0
  resolution: "dedent@npm:0.7.0"
  checksum: 238a6fb46644c8bb3d688e88575e28030e5d8ce624fe54041fe2bd6809ad5055448596536f147d8d626aba99bf51df17b27bfb852037a6508cb2f6aac8ebfc5f
  languageName: node
  linkType: hard

"estree-walker@^0.5.1, estree-walker@^0.5.2":
  version: 0.5.2
  resolution: "estree-walker@npm:0.5.2"
  checksum: 971f4e2172ab9425ad4b2acfb4864d434188aaf9c3601941fdce3dfb1d3dd2328ea13545b00d603a6ab2465bd72bf3abc4c94d5ef962059ef4fa0aef1cf863f8
  languageName: node
  linkType: hard

expand-brackets@^0.1.4:
  version: 0.1.5
  resolution: "expand-brackets@npm:0.1.5"
  dependencies:
    is-posix-bracket: ^0.1.0
  checksum: eb620bcc3d323f1256d25280a3e13e59b26ca2367e24561cd918a42a935819c3dc6c29a5af4ba09cd9f0406c3d2904a2d8c1f54013f5b688bc8f04061086dfbe
  languageName: node
  linkType: hard

expand-range@^1.8.1:
  version: 1.8.2
  resolution: "expand-range@npm:1.8.2"
  dependencies:
    fill-range: ^2.1.0
  checksum: d00a51628aa62e6b1df35255b136f2369d04c7727660331a7edff1e26485ee3775afa636dcc2a2afb8ef9a1cb7ca6e987319a43fcef908e77f70e827f7a2c5e5
  languageName: node
  linkType: hard

extglob@^0.3.1:
  version: 0.3.2
  resolution: "extglob@npm:0.3.2"
  dependencies:
    is-extglob: ^1.0.0
  checksum: 92833616ec2327d875759b23b3cbfaa29e0a8b7659f84f53b0660d7057d0ca2ba6a18436e7123fdbb2d3b3d4ecfb67bbfa809ff10e4145c3f41d28ee4a107a4f
  languageName: node
  linkType: hard

filename-regex@^2.0.0:
  version: 2.0.1
  resolution: "filename-regex@npm:2.0.1"
  checksum: 44fd75e5842518f9bfc305a53cb69f58de4b82749f66968b3e6337ff382fbebe850e81e635fa63d8bf9f1f66c5bc653331101804853053cb949c6c06c37148ef
  languageName: node
  linkType: hard

fill-range@^2.1.0:
  version: 2.2.4
  resolution: "fill-range@npm:2.2.4"
  dependencies:
    is-number: ^2.1.0
    isobject: ^2.0.0
    randomatic: ^3.0.0
    repeat-element: ^1.1.2
    repeat-string: ^1.5.2
  checksum: d898c130a94619c5a222932fbda495b6b01f4cdef0dc6815749c35895560f3477a0a5d38bc91df849c8eea84fd15693c3d0a79be186fffaf92e843f2855d04b2
  languageName: node
  linkType: hard

for-in@^1.0.1:
  version: 1.0.2
  resolution: "for-in@npm:1.0.2"
  checksum: 402ea6c6a85fae5ecc2d9e9818ca53cb8e4ac87db297ea951234ffdbbbadc85b3911d619dc8c446398be4e0ead66aca0550a70ec993f7cb00a58f4857fd93b5e
  languageName: node
  linkType: hard

for-own@^0.1.4:
  version: 0.1.5
  resolution: "for-own@npm:0.1.5"
  dependencies:
    for-in: ^1.0.1
  checksum: c0594cae86534fe743f2318f1520401e6c18465dce70bccd1ba32340592658a4171546597c951c6289effd3e5c6b227b43ca06eb37b3e4a492f4a209ae31719a
  languageName: node
  linkType: hard

glob-base@^0.3.0:
  version: 0.3.0
  resolution: "glob-base@npm:0.3.0"
  dependencies:
    glob-parent: ^2.0.0
    is-glob: ^2.0.0
  checksum: 73d2319842c0413acfa52cf8c7afe2caa462134fbd21a047215dd377cb85f8ee60fd2a3e89c35fc64fb4d3f00108816cafdb4e124715843f80426350cfeaaf79
  languageName: node
  linkType: hard

glob-parent@^2.0.0:
  version: 2.0.0
  resolution: "glob-parent@npm:2.0.0"
  dependencies:
    is-glob: ^2.0.0
  checksum: 95fc453812f1f65afd8997dfecbb7a25657cf858c5ab2672f3d83e3245201c4ef4c01450b69de2f1ef79a3d10004964cedcde3d5be8fd36c0b22cf67dfb51e5d
  languageName: node
  linkType: hard

is-buffer@^1.1.5:
  version: 1.1.6
  resolution: "is-buffer@npm:1.1.6"
  checksum: f4c11d452f0d34489e00d20fa38a64fc6b8fb1e22409712f0f0d5c5f8f24fa4e68454f68be2d1fef26ec568e7c6832256200ec2618862933bf88c96db1a4b09f
  languageName: node
  linkType: hard

is-dotfile@^1.0.0:
  version: 1.0.3
  resolution: "is-dotfile@npm:1.0.3"
  checksum: c305f897d9e249a71785ba679f3ab29d4badfd62b23a44b061cbe661fe4a70e116be00b61bbb79e3c6b3176c64a0022f000ef2a71cbbf351a446c90d6fb7ff0f
  languageName: node
  linkType: hard

is-equal-shallow@^0.1.3:
  version: 0.1.3
  resolution: "is-equal-shallow@npm:0.1.3"
  dependencies:
    is-primitive: ^2.0.0
  checksum: 8786f738f618bdfe506cfa8db2c059790752607edf9bce4cb3ba181392f487117cb71caf8312a22504b56aa94b2d772085b510bb8c4dcc4094960ce71140bcd1
  languageName: node
  linkType: hard

is-extendable@^0.1.1:
  version: 0.1.1
  resolution: "is-extendable@npm:0.1.1"
  checksum: 415e8c3b1a04c9b20611017576a73f759379480d7eada3a0a6b951ab4ffe139f4bb40122400751e7bc6cbfafcadeeccca3d044f80fa4a5107cfd60992ea236a6
  languageName: node
  linkType: hard

is-extglob@^1.0.0:
  version: 1.0.0
  resolution: "is-extglob@npm:1.0.0"
  checksum: 332f35e1c9441dc5911e2a37d9355d986a482655c7dd8754d2bad79702c138c7bd29056f672e66be5347ea4dbb51bdb3e9b4274ec7486718d3ea4dfa44a000a4
  languageName: node
  linkType: hard

"is-glob@^2.0.0, is-glob@^2.0.1":
  version: 2.0.1
  resolution: "is-glob@npm:2.0.1"
  dependencies:
    is-extglob: ^1.0.0
  checksum: e5cd21ade218a0eb033202b3bf1046f18e0ed17a7fa3623e894f99eb4d2704e25187a59f9e1dc496744bb539ac270a61730ac07a5ea0b98a7a6bbfd2a896f588
  languageName: node
  linkType: hard

is-number@^2.1.0:
  version: 2.1.0
  resolution: "is-number@npm:2.1.0"
  dependencies:
    kind-of: ^3.0.2
  checksum: 12a687520f10640be11f50457b041a8cdf52c0d8b85fd3725ba9870b7d81cb163e6e278bcc97b53ba7d7e3c2db2bebbfb90e7c0deba62b73a963cf6bdd9213ec
  languageName: node
  linkType: hard

is-number@^4.0.0:
  version: 4.0.0
  resolution: "is-number@npm:4.0.0"
  checksum: 676e37fece8bbb30535e8f3423dd6c813a6bad120f907c9de9d42a61123beb5aa525dd89a16d05a2af7215c05f4a2ecc9a6613118960a79c5adb3a946bd15e17
  languageName: node
  linkType: hard

is-posix-bracket@^0.1.0:
  version: 0.1.1
  resolution: "is-posix-bracket@npm:0.1.1"
  checksum: 457407ce7ad2f80a33c87f8c453b690b82e81050d8a897b20a5b0029225f575d1da485260523d70c4f4242746e48da9dbbca455e1b3c955a20b9a713e57f58ee
  languageName: node
  linkType: hard

is-primitive@^2.0.0:
  version: 2.0.0
  resolution: "is-primitive@npm:2.0.0"
  checksum: 72638639cae4315254adb12781998d3630151cff3ef556b8b2a1a3e8063eea33ccf87d96612067156f7025144fcd04ccc7a0e1a3b7641ff77b4f3fc83585409b
  languageName: node
  linkType: hard

isarray@1.0.0:
  version: 1.0.0
  resolution: "isarray@npm:1.0.0"
  checksum: e3a216f30e742c495955ccaa567b9f04f392ba7c9674a62dbc3792c6b4103441bcb67daa35cb27f550ec38114854c3813330362136e98053d7414f17f91165ce
  languageName: node
  linkType: hard

isobject@^2.0.0:
  version: 2.1.0
  resolution: "isobject@npm:2.1.0"
  dependencies:
    isarray: 1.0.0
  checksum: 1e68e6c2f7adc04c844d7634ce69b58b2260c62a0a1d9e07a214efc9c1c04476aa30f5132a215ac7c9feacd476c4f4f47a9eb49cc894e99491979abd0715ae73
  languageName: node
  linkType: hard

kind-of@^3.0.2:
  version: 3.2.2
  resolution: "kind-of@npm:3.2.2"
  dependencies:
    is-buffer: ^1.1.5
  checksum: 52f5a17bd78030fe6b80e52197358e903bee609b2028f7b58c25aab72c90755bead4d4434743cecf5d4e9c4b4af6eb19a08434d5febfc59c4f7956e927e4234a
  languageName: node
  linkType: hard

kind-of@^6.0.0:
  version: 6.0.2
  resolution: "kind-of@npm:6.0.2"
  checksum: 7abc0ac85c36bb8ee1d1585b1167781ac2f1b1b0f936c11d368b59cedfb5a198a1f233edffb11c3f4cf71d526c87675b8edbd5aa90d131c9e64cede514d51c4b
  languageName: node
  linkType: hard

"lit-element@npm:^2.1.0":
  version: 2.1.0
  resolution: "lit-element@npm:2.1.0"
  dependencies:
    lit-html: "npm:^1.0.0"
  checksum: 999a39176ac5e622d107685db445561588d55772e91ed09387711e1123f196157a6d6e372186e5e13d6073b873b9abeb2b9eade63d970156aea757f739dd7c29
  languageName: node
  linkType: hard

"lit-html@npm:^1.0.0":
  version: 1.0.0
  resolution: "lit-html@npm:1.0.0"
  checksum: e63141fef9dbe2699145fc46f192041ab5b1d4eb26e23a970c82c4767f2074fc2f5b507b30459273d235c60eb916846cd68f28789d3d5159f5816b3c6564253c
  languageName: node
  linkType: hard

magic-string@^0.22.4:
  version: 0.22.5
  resolution: "magic-string@npm:0.22.5"
  dependencies:
    vlq: ^0.2.2
  checksum: 351c1ef94530635f6d11c6b386148d48cfe416a585a9e4fafe747d08cc5939a11d55f3ff036b8a881ac1a8c5ee8acd304d48b6963be58af873d5350c26051ef5
  languageName: node
  linkType: hard

math-random@^1.0.1:
  version: 1.0.1
  resolution: "math-random@npm:1.0.1"
  checksum: 1e3178f8d0245264a77c2e889991ed3276e39b110add41bb49912d3bc729c6f5f33ef4a3c0ca374738810dab9b04f1d90fc050783f21bf8c581ae44784710836
  languageName: node
  linkType: hard

micromatch@^2.3.11:
  version: 2.3.11
  resolution: "micromatch@npm:2.3.11"
  dependencies:
    arr-diff: ^2.0.0
    array-unique: ^0.2.1
    braces: ^1.8.2
    expand-brackets: ^0.1.4
    extglob: ^0.3.1
    filename-regex: ^2.0.0
    is-extglob: ^1.0.0
    is-glob: ^2.0.1
    kind-of: ^3.0.2
    normalize-path: ^2.0.1
    object.omit: ^2.0.0
    parse-glob: ^3.0.4
    regex-cache: ^0.4.2
  checksum: 8dffdcfe2e0f9090e73c6ffb69897d1f5e282d449714b853bcef250ed4284357bcf897e170d577b4eb8d0b1f55df4b0c26b112981323542db690542810e6bf51
  languageName: node
  linkType: hard

normalize-path@^2.0.1:
  version: 2.1.1
  resolution: "normalize-path@npm:2.1.1"
  dependencies:
    remove-trailing-separator: ^1.0.1
  checksum: 1954b3434805102dd3cfbda24370de06e6204191b5759624647878dd51cdb9fba0dbb204f1b73516da88b50226dc2a6fd7ded7d5e529f8843affdbaaf2cd2d9a
  languageName: node
  linkType: hard

object.omit@^2.0.0:
  version: 2.0.1
  resolution: "object.omit@npm:2.0.1"
  dependencies:
    for-own: ^0.1.4
    is-extendable: ^0.1.1
  checksum: a95a52d8643fe9470298850c49782c4b1fa23ba461e83bee78486e5638855a2f1cbaca5539600b0bb7d57da4711c34570a8e91a9757dd8fc428efc4b1365ee72
  languageName: node
  linkType: hard

parse-glob@^3.0.4:
  version: 3.0.4
  resolution: "parse-glob@npm:3.0.4"
  dependencies:
    glob-base: ^0.3.0
    is-dotfile: ^1.0.0
    is-extglob: ^1.0.0
    is-glob: ^2.0.0
  checksum: ab5b4166aa502762f55e378ebc764a750eac62cda128f4f2a39ab29a5aeedf3cfed1f4a454700959f67883aa44e5e5acad52512a8d1969307cecbb0e425fc250
  languageName: node
  linkType: hard

path-parse@^1.0.5:
  version: 1.0.6
  resolution: "path-parse@npm:1.0.6"
  checksum: 0c62bbbbf843e8c9306d9abce1b0c496ff3337b61c608f034ec77dfa34745b333d9b5a921caad232771adae57a69350b99f0fcdeded0bc8fe2ff60af42650392
  languageName: node
  linkType: hard

preserve@^0.2.0:
  version: 0.2.0
  resolution: "preserve@npm:0.2.0"
  checksum: 0e4d1124386ef73c2385c5343a32e35d6353bd7d2a132d67fe19727c17f5e55783de478d337f3c14886290946777d5722123aefd282e3c00997dc784e97f2adc
  languageName: node
  linkType: hard

randomatic@^3.0.0:
  version: 3.1.0
  resolution: "randomatic@npm:3.1.0"
  dependencies:
    is-number: ^4.0.0
    kind-of: ^6.0.0
    math-random: ^1.0.1
  checksum: 440765c9b9b37818187a1e7d2f75033794c8f065d8d9a23381c1ed66301316621ed838899a3aaaf5e3a094c52ff71d7e16ca010aa16c9c35534806ee3a586d39
  languageName: node
  linkType: hard

regex-cache@^0.4.2:
  version: 0.4.4
  resolution: "regex-cache@npm:0.4.4"
  dependencies:
    is-equal-shallow: ^0.1.3
  checksum: db5dd3a486d6c14e5a66267f86048b6e1a4d8894d7f671fc1aa0aa7e11ca932aef884dbe9c400bb9b3fddc55d7603063b02ba4d93c9a4173f76f1f93ba8cda7a
  languageName: node
  linkType: hard

remove-trailing-separator@^1.0.1:
  version: 1.1.0
  resolution: "remove-trailing-separator@npm:1.1.0"
  checksum: 5b5de1fbe7b81ad28b463d4295bef82e79c2807d5abf640127f6a4b33fe7a4d1b0ff76d9cc93d52076b562bb32e67a5b19b8c668116b7c6bed4e6dcf1218eba4
  languageName: node
  linkType: hard

repeat-element@^1.1.2:
  version: 1.1.3
  resolution: "repeat-element@npm:1.1.3"
  checksum: 89bc60859cd5491fd40d5369255ba556d0d6adfb8b351da3b746d485d8801b140d00e595a3494f06d3148574fcf2b7b925e645c2b9c95ead5336610a58cb5865
  languageName: node
  linkType: hard

repeat-string@^1.5.2:
  version: 1.6.1
  resolution: "repeat-string@npm:1.6.1"
  checksum: 0cc7d1dbb74a21ae95ecbf195051631eb73673c7b4a565078f257db1cf03ec7f84b19a6f521bf8e55fcfb342447d13f813b39adad9839ffa20516a8612802006
  languageName: node
  linkType: hard

resolve@^1.5.0:
  version: 1.8.1
  resolution: "resolve@npm:1.8.1"
  dependencies:
    path-parse: ^1.0.5
  checksum: 4e60a5fc94fc9e4ee5172e6ead8477e0adce489ba5b3c863aec99acf0bb5d56fd0141eaffcbd731ef6fd84d6c900db10fb09f11a3b182861356919adbc433b63
  languageName: node
  linkType: hard

rollup-plugin-commonjs@^9.1.8:
  version: 9.1.8
  resolution: "rollup-plugin-commonjs@npm:9.1.8"
  dependencies:
    estree-walker: ^0.5.1
    magic-string: ^0.22.4
    resolve: ^1.5.0
    rollup-pluginutils: ^2.0.1
  peerDependencies:
    rollup: ">=0.56.0"
  checksum: 4693aec7f5ff62634098911cfc9a2b0ab8d9f3b592abc89091348988194a53370d4b253c801346c48ba47ea746417f40043583f57579ceadbae1f9f5db5086c9
  languageName: node
  linkType: hard

rollup-plugin-pnp-resolve@^1.0.1:
  version: 1.0.1
  resolution: "rollup-plugin-pnp-resolve@npm:1.0.1"
  checksum: 4f3343dc3c16c5ffcd8be20ad70c00df6bf13c82b66927208e9f070738da9c9cfe09ae0638e1bf30a2e81a06b8d430a067a712beb3457663f208784cf319f80c
  languageName: node
  linkType: hard

rollup-pluginutils@^2.0.1:
  version: 2.3.3
  resolution: "rollup-pluginutils@npm:2.3.3"
  dependencies:
    estree-walker: ^0.5.2
    micromatch: ^2.3.11
  checksum: bddb315d76b59c77ecb37dcf1a6e022b19179e762b3ef5856d96f46256fb7cb686e89c3d4c268f94087c67742a896e005e330a57a30dbae1b30dd409f51fd31d
  languageName: node
  linkType: hard

rollup@^0.66.3:
  version: 0.66.3
  resolution: "rollup@npm:0.66.3"
  dependencies:
    "@types/estree": 0.0.39
    "@types/node": "*"
  checksum: 8c255631a942b894d7e70e5f64fdb13290a67d6f23a51182feb27bfbdff9c7194c7fb412223ef616e6fddb8aac7b7e1832a93098c97d697be869f81a871b3e26
  languageName: node
  linkType: hard

vlq@^0.2.2:
  version: 0.2.3
  resolution: "vlq@npm:0.2.3"
  checksum: c24b0a839a1aa5dc0d9ac82390d9e3be02f600d83f31f97737f719b9910d4c09b65b7d6fde8645e372ce4a92d804ca7c40ed3e42d32cbec2f30d8676287a084d
  languageName: node
  linkType: hard
